{
  "name": "pg-minify-webpack-loader",
  "version": "0.1.0",
  "lockfileVersion": 1,
  "requires": true,
  "dependencies": {
    "pg-minify": {
      "version": "0.5.4",
      "resolved": "https://registry.npmjs.org/pg-minify/-/pg-minify-0.5.4.tgz",
      "integrity": "sha512-GHB2v4OiMHDgwiHH86ZWNfvgEPVijrnfuWLQocseX6Zlf30k+x0imA65zBy4skIpEwfBBEplIEEKP4n3q9KkVA=="
    }
  }
}
